// !$*UTF8*$!
{
	archiveVersion = 1;
	classes = {
	};
	objectVersion = 77;
	objects = {

/* Begin PBXBuildFile section */
		02FC8FD51BD65856145B48F7 /* LoginViewModel.swift in Sources */ = {isa = PBXBuildFile; fileRef = EAF17B2CB0F8D2A9E973010B /* LoginViewModel.swift */; };
		038A6B0C097F107A5F1E74EA /* ChatMessageView.swift in Sources */ = {isa = PBXBuildFile; fileRef = 7C5F77E1BE145A34CEBD8F64 /* ChatMessageView.swift */; };
		040296F9D586540E3677E1F2 /* KeychainService.swift in Sources */ = {isa = PBXBuildFile; fileRef = C49F675CA00C50970C8766E5 /* KeychainService.swift */; };
		0495CE4E3E0F246815F6BB8C /* ChatThread.swift in Sources */ = {isa = PBXBuildFile; fileRef = 9DF1198EE1F2EBDF304A9D92 /* ChatThread.swift */; };
		060B443AF755ED609A8C41DD /* Endpoint.swift in Sources */ = {isa = PBXBuildFile; fileRef = 7DFB2547787165FDED0CE2A1 /* Endpoint.swift */; };
		0EA9D9422703EBF93B68AEB1 /* Case.swift in Sources */ = {isa = PBXBuildFile; fileRef = 4E763B085B5149907FB9D2A0 /* Case.swift */; };
		1969E04CC78B2717D296DD8C /* SubscriptionView.swift in Sources */ = {isa = PBXBuildFile; fileRef = 20E311C193DFC4640A4B978A /* SubscriptionView.swift */; };
		1A32DF85C8821EBA21862CDC /* ApptorneyApp.swift in Sources */ = {isa = PBXBuildFile; fileRef = 7C28D26496DA5DC1FFEC9703 /* ApptorneyApp.swift */; };
		1DDE1D626D9100FE011BD516 /* VerifyView.swift in Sources */ = {isa = PBXBuildFile; fileRef = F48B9DF778C6461495E673EA /* VerifyView.swift */; };
		1F85748C20E84CE3231E922F /* SupportingModels.swift in Sources */ = {isa = PBXBuildFile; fileRef = DD9A1E48B173B1477D73F694 /* SupportingModels.swift */; };
		288312A29221310BD2A01BB9 /* OnboardingView.swift in Sources */ = {isa = PBXBuildFile; fileRef = 3F1C598036ADA0D40C1362C7 /* OnboardingView.swift */; };
		2ED3AD9E0A81D1915688BFD7 /* HomeViewModel.swift in Sources */ = {isa = PBXBuildFile; fileRef = 532245E3963CD734A1187DC7 /* HomeViewModel.swift */; };
		3231F7276B15C08B4E9B071B /* EmptyStateView.swift in Sources */ = {isa = PBXBuildFile; fileRef = 90A86F58FC8D958A0484EC8B /* EmptyStateView.swift */; };
		32D71C25476FD542CACFDBEA /* Citation.swift in Sources */ = {isa = PBXBuildFile; fileRef = D33C42A0CBCB535C44C9580B /* Citation.swift */; };
		36281C92EB4984B8D76A8C59 /* HomeView.swift in Sources */ = {isa = PBXBuildFile; fileRef = F715D1B071A05C8F7085BAE7 /* HomeView.swift */; };
		395ABD8E2735CB756EE2C9CF /* ShimmerModifier.swift in Sources */ = {isa = PBXBuildFile; fileRef = FB7F1074E168038B80DD0C4F /* ShimmerModifier.swift */; };
		3CAB58D36A8F139B4ED5418E /* AuthManager.swift in Sources */ = {isa = PBXBuildFile; fileRef = 2D0ACCD8AAF633B0F2584AD4 /* AuthManager.swift */; };
		4CBE322C68D14446EA598C30 /* RegisterViewModel.swift in Sources */ = {isa = PBXBuildFile; fileRef = 2697359BEFA0137175B6FF11 /* RegisterViewModel.swift */; };
		4CED7A70FB2F801AC84DE0FC /* MainView.swift in Sources */ = {isa = PBXBuildFile; fileRef = C0F93C93D6451217F374147C /* MainView.swift */; };
		4ED060F96DF4A9078D72D7C4 /* CasesListView.swift in Sources */ = {isa = PBXBuildFile; fileRef = E5281AA7EC33EB83F6F8FE6A /* CasesListView.swift */; };
		50CA7D1233E4E498CA940052 /* HomeCardView.swift in Sources */ = {isa = PBXBuildFile; fileRef = 25C3A6600EA8F8F92871994A /* HomeCardView.swift */; };
		62191FCC3ECE3A854EBE877E /* CaseDetailView.swift in Sources */ = {isa = PBXBuildFile; fileRef = E10AFBF288FDBEE89E83558A /* CaseDetailView.swift */; };
		7258B82F9AEB05B952FE1FFD /* SettingsView.swift in Sources */ = {isa = PBXBuildFile; fileRef = 949C5F7DA925874EA6696172 /* SettingsView.swift */; };
		7458959320A4CEB80D405FC4 /* ChatView.swift in Sources */ = {isa = PBXBuildFile; fileRef = 522EF06CD79A3318683277ED /* ChatView.swift */; };
		76879E9601A863B2E2101256 /* User.swift in Sources */ = {isa = PBXBuildFile; fileRef = DFAE31A15457481B22A1BA29 /* User.swift */; };
		773382E305CE4879FCDB83D0 /* Images.xcassets in Resources */ = {isa = PBXBuildFile; fileRef = 87000C9E28133946F9D2CEC3 /* Images.xcassets */; };
		7AD8A11AC6C92F557C7A9A1A /* LegislationDetailView.swift in Sources */ = {isa = PBXBuildFile; fileRef = DC007789554C91BE951A46A8 /* LegislationDetailView.swift */; };
		8C8A3C63A8034DAF1053F485 /* RegisterView.swift in Sources */ = {isa = PBXBuildFile; fileRef = CD006D8E23BEFC7629F51A08 /* RegisterView.swift */; };
		918B786568B2CEFA1B1B12B3 /* SideMenuView.swift in Sources */ = {isa = PBXBuildFile; fileRef = 7D2BAA5EB1322019DFC059C4 /* SideMenuView.swift */; };
		95458A74FBDB315D012BEF24 /* AppState.swift in Sources */ = {isa = PBXBuildFile; fileRef = 840422CB68ED879D369C3BB6 /* AppState.swift */; };
		95F9EB668DA7D33185E32DDA /* LegislationPart.swift in Sources */ = {isa = PBXBuildFile; fileRef = 708C9D386E29C519D7FC2F0C /* LegislationPart.swift */; };
		968A7E02118AB24BCD7BDE68 /* HomeItem.swift in Sources */ = {isa = PBXBuildFile; fileRef = 6EDE86BEB79EE9C660B2A92A /* HomeItem.swift */; };
		9B0EC6EAD442C2C662CA84A6 /* SnackbarModifier.swift in Sources */ = {isa = PBXBuildFile; fileRef = CC095C6947D4463730751A15 /* SnackbarModifier.swift */; };
		9C7AE01F501CEFCABA61F323 /* APIClient.swift in Sources */ = {isa = PBXBuildFile; fileRef = 7045FBB66386958D5B1AA3CE /* APIClient.swift */; };
		A281AA520A24E3CE8CD36E73 /* LegislationsViewModel.swift in Sources */ = {isa = PBXBuildFile; fileRef = A3040247A866133EDB640D9F /* LegislationsViewModel.swift */; };
		A70556AB35DFE819378D2A46 /* CaseFilterView.swift in Sources */ = {isa = PBXBuildFile; fileRef = 24C42B10C10467589491167F /* CaseFilterView.swift */; };
		B0220327EAF14A4976A1D93D /* ChatSidebarView.swift in Sources */ = {isa = PBXBuildFile; fileRef = DCC1D8BDF3E79FC398E6C994 /* ChatSidebarView.swift */; };
		B03304328F0380DAD1E3E948 /* AuthFlowView.swift in Sources */ = {isa = PBXBuildFile; fileRef = 95AEC3B18D714C1F8B4D2369 /* AuthFlowView.swift */; };
		B08498D00D2FBC1EFA0CB3AA /* AppError.swift in Sources */ = {isa = PBXBuildFile; fileRef = 58FE189AAACAB846C496B777 /* AppError.swift */; };
		B6870C711103A59F9225BC9C /* BookmarksView.swift in Sources */ = {isa = PBXBuildFile; fileRef = A57F6016C1423FE2CB0632D3 /* BookmarksView.swift */; };
		B6CFFFC2D45135EE9B292DA3 /* UpdateRequiredView.swift in Sources */ = {isa = PBXBuildFile; fileRef = 77FB499BF75A0F264C996D25 /* UpdateRequiredView.swift */; };
		B7C26184A6EB6830719EAA86 /* LegislationFilterView.swift in Sources */ = {isa = PBXBuildFile; fileRef = C5265BC1CC8F1301623B790F /* LegislationFilterView.swift */; };
		BE39DAD737FBF8B97618B9DB /* VerifyViewModel.swift in Sources */ = {isa = PBXBuildFile; fileRef = 82F62F830337B0083C706F90 /* VerifyViewModel.swift */; };
		BECD92AAFC8801FAE827E4E0 /* SubscriptionService.swift in Sources */ = {isa = PBXBuildFile; fileRef = D4FB4C4A0F38B61D80DB3211 /* SubscriptionService.swift */; };
		C2AC6CFD683AF3FAB9797EDD /* CasesViewModel.swift in Sources */ = {isa = PBXBuildFile; fileRef = B1A61CD8A3D7EFFA18EF8EC1 /* CasesViewModel.swift */; };
		CC16829D8E96503A1C903496 /* LoginView.swift in Sources */ = {isa = PBXBuildFile; fileRef = CC5E45A3F55CB31DC07AA5AD /* LoginView.swift */; };
		CD393E738A335ED2D2451E66 /* FloatingTextField.swift in Sources */ = {isa = PBXBuildFile; fileRef = 8365AC95C946B99215A9C416 /* FloatingTextField.swift */; };
		DAD6CD37C2CAE06513A6CB64 /* SubscriptionViewModel.swift in Sources */ = {isa = PBXBuildFile; fileRef = 43D1C13DA821025CF0E2D30F /* SubscriptionViewModel.swift */; };
		DDF21F4154A7F67F77448982 /* Legislation.swift in Sources */ = {isa = PBXBuildFile; fileRef = F9A1D2E13BA40907C5159FF3 /* Legislation.swift */; };
		E414608429C80E63166D0CB4 /* RootView.swift in Sources */ = {isa = PBXBuildFile; fileRef = 260A06C2866FE5176CE88409 /* RootView.swift */; };
		E47ED80127D0E58490BD2020 /* APIResponse.swift in Sources */ = {isa = PBXBuildFile; fileRef = 37963ED121CF0A6D1CBFEFE2 /* APIResponse.swift */; };
		E9974AF138318ADD33D19489 /* ChatViewModel.swift in Sources */ = {isa = PBXBuildFile; fileRef = 7DED3839984F7C3290C582F4 /* ChatViewModel.swift */; };
		EB03E07BF23A89C1DA4BDFBE /* SideMenuContainer.swift in Sources */ = {isa = PBXBuildFile; fileRef = 15ACDB062243CC14D6B2B3EF /* SideMenuContainer.swift */; };
		EB9CA2F30614680DEE422C46 /* SearchViewModel.swift in Sources */ = {isa = PBXBuildFile; fileRef = 568FBCFD510FCA3F847D8A58 /* SearchViewModel.swift */; };
		F0A3C7C31843274B2126536E /* Color+App.swift in Sources */ = {isa = PBXBuildFile; fileRef = 506B1061C0C143687D40D1CE /* Color+App.swift */; };
		F1360891835C9CE8548A7C27 /* GlobalSearchView.swift in Sources */ = {isa = PBXBuildFile; fileRef = C50DD759578529C21D5168D8 /* GlobalSearchView.swift */; };
		FADEAE5D6E38E76A9F2E7339 /* ChatMessage.swift in Sources */ = {isa = PBXBuildFile; fileRef = FDAC26BB66D5532D17B77F6D /* ChatMessage.swift */; };
		FB644E53946F968D8C9A5738 /* LegislationsListView.swift in Sources */ = {isa = PBXBuildFile; fileRef = 2343D1640EACD949F8EE6F97 /* LegislationsListView.swift */; };
		FBC3575D917F7CF29324DB2D /* Date+Formatting.swift in Sources */ = {isa = PBXBuildFile; fileRef = 37B5229585366B63EECD2EAA /* Date+Formatting.swift */; };
		FC28353ECF82F5B6D9D45250 /* String+Validation.swift in Sources */ = {isa = PBXBuildFile; fileRef = D040E2CC29C23D8497881BB3 /* String+Validation.swift */; };
/* End PBXBuildFile section */

/* Begin PBXFileReference section */
		15ACDB062243CC14D6B2B3EF /* SideMenuContainer.swift */ = {isa = PBXFileReference; lastKnownFileType = sourcecode.swift; path = SideMenuContainer.swift; sourceTree = "<group>"; };
		20E311C193DFC4640A4B978A /* SubscriptionView.swift */ = {isa = PBXFileReference; lastKnownFileType = sourcecode.swift; path = SubscriptionView.swift; sourceTree = "<group>"; };
		2343D1640EACD949F8EE6F97 /* LegislationsListView.swift */ = {isa = PBXFileReference; lastKnownFileType = sourcecode.swift; path = LegislationsListView.swift; sourceTree = "<group>"; };
		24C42B10C10467589491167F /* CaseFilterView.swift */ = {isa = PBXFileReference; lastKnownFileType = sourcecode.swift; path = CaseFilterView.swift; sourceTree = "<group>"; };
		25C3A6600EA8F8F92871994A /* HomeCardView.swift */ = {isa = PBXFileReference; lastKnownFileType = sourcecode.swift; path = HomeCardView.swift; sourceTree = "<group>"; };
		260A06C2866FE5176CE88409 /* RootView.swift */ = {isa = PBXFileReference; lastKnownFileType = sourcecode.swift; path = RootView.swift; sourceTree = "<group>"; };
		2697359BEFA0137175B6FF11 /* RegisterViewModel.swift */ = {isa = PBXFileReference; lastKnownFileType = sourcecode.swift; path = RegisterViewModel.swift; sourceTree = "<group>"; };
		2D0ACCD8AAF633B0F2584AD4 /* AuthManager.swift */ = {isa = PBXFileReference; lastKnownFileType = sourcecode.swift; path = AuthManager.swift; sourceTree = "<group>"; };
		37963ED121CF0A6D1CBFEFE2 /* APIResponse.swift */ = {isa = PBXFileReference; lastKnownFileType = sourcecode.swift; path = APIResponse.swift; sourceTree = "<group>"; };
		37B5229585366B63EECD2EAA /* Date+Formatting.swift */ = {isa = PBXFileReference; lastKnownFileType = sourcecode.swift; path = "Date+Formatting.swift"; sourceTree = "<group>"; };
		3F1C598036ADA0D40C1362C7 /* OnboardingView.swift */ = {isa = PBXFileReference; lastKnownFileType = sourcecode.swift; path = OnboardingView.swift; sourceTree = "<group>"; };
		43D1C13DA821025CF0E2D30F /* SubscriptionViewModel.swift */ = {isa = PBXFileReference; lastKnownFileType = sourcecode.swift; path = SubscriptionViewModel.swift; sourceTree = "<group>"; };
		4E763B085B5149907FB9D2A0 /* Case.swift */ = {isa = PBXFileReference; lastKnownFileType = sourcecode.swift; path = Case.swift; sourceTree = "<group>"; };
		506B1061C0C143687D40D1CE /* Color+App.swift */ = {isa = PBXFileReference; lastKnownFileType = sourcecode.swift; path = "Color+App.swift"; sourceTree = "<group>"; };
		522EF06CD79A3318683277ED /* ChatView.swift */ = {isa = PBXFileReference; lastKnownFileType = sourcecode.swift; path = ChatView.swift; sourceTree = "<group>"; };
		532245E3963CD734A1187DC7 /* HomeViewModel.swift */ = {isa = PBXFileReference; lastKnownFileType = sourcecode.swift; path = HomeViewModel.swift; sourceTree = "<group>"; };
		568FBCFD510FCA3F847D8A58 /* SearchViewModel.swift */ = {isa = PBXFileReference; lastKnownFileType = sourcecode.swift; path = SearchViewModel.swift; sourceTree = "<group>"; };
		58FE189AAACAB846C496B777 /* AppError.swift */ = {isa = PBXFileReference; lastKnownFileType = sourcecode.swift; path = AppError.swift; sourceTree = "<group>"; };
		6EDE86BEB79EE9C660B2A92A /* HomeItem.swift */ = {isa = PBXFileReference; lastKnownFileType = sourcecode.swift; path = HomeItem.swift; sourceTree = "<group>"; };
		7045FBB66386958D5B1AA3CE /* APIClient.swift */ = {isa = PBXFileReference; lastKnownFileType = sourcecode.swift; path = APIClient.swift; sourceTree = "<group>"; };
		708C9D386E29C519D7FC2F0C /* LegislationPart.swift */ = {isa = PBXFileReference; lastKnownFileType = sourcecode.swift; path = LegislationPart.swift; sourceTree = "<group>"; };
		767BC10C67BEFAC884929C21 /* Info.plist */ = {isa = PBXFileReference; lastKnownFileType = text.plist; path = Info.plist; sourceTree = "<group>"; };
		77FB499BF75A0F264C996D25 /* UpdateRequiredView.swift */ = {isa = PBXFileReference; lastKnownFileType = sourcecode.swift; path = UpdateRequiredView.swift; sourceTree = "<group>"; };
		7C28D26496DA5DC1FFEC9703 /* ApptorneyApp.swift */ = {isa = PBXFileReference; lastKnownFileType = sourcecode.swift; path = ApptorneyApp.swift; sourceTree = "<group>"; };
		7C5F77E1BE145A34CEBD8F64 /* ChatMessageView.swift */ = {isa = PBXFileReference; lastKnownFileType = sourcecode.swift; path = ChatMessageView.swift; sourceTree = "<group>"; };
		7D2BAA5EB1322019DFC059C4 /* SideMenuView.swift */ = {isa = PBXFileReference; lastKnownFileType = sourcecode.swift; path = SideMenuView.swift; sourceTree = "<group>"; };
		7DED3839984F7C3290C582F4 /* ChatViewModel.swift */ = {isa = PBXFileReference; lastKnownFileType = sourcecode.swift; path = ChatViewModel.swift; sourceTree = "<group>"; };
		7DFB2547787165FDED0CE2A1 /* Endpoint.swift */ = {isa = PBXFileReference; lastKnownFileType = sourcecode.swift; path = Endpoint.swift; sourceTree = "<group>"; };
		82F62F830337B0083C706F90 /* VerifyViewModel.swift */ = {isa = PBXFileReference; lastKnownFileType = sourcecode.swift; path = VerifyViewModel.swift; sourceTree = "<group>"; };
		8365AC95C946B99215A9C416 /* FloatingTextField.swift */ = {isa = PBXFileReference; lastKnownFileType = sourcecode.swift; path = FloatingTextField.swift; sourceTree = "<group>"; };
		840422CB68ED879D369C3BB6 /* AppState.swift */ = {isa = PBXFileReference; lastKnownFileType = sourcecode.swift; path = AppState.swift; sourceTree = "<group>"; };
		87000C9E28133946F9D2CEC3 /* Images.xcassets */ = {isa = PBXFileReference; lastKnownFileType = folder.assetcatalog; path = Images.xcassets; sourceTree = "<group>"; };
		90A86F58FC8D958A0484EC8B /* EmptyStateView.swift */ = {isa = PBXFileReference; lastKnownFileType = sourcecode.swift; path = EmptyStateView.swift; sourceTree = "<group>"; };
		949C5F7DA925874EA6696172 /* SettingsView.swift */ = {isa = PBXFileReference; lastKnownFileType = sourcecode.swift; path = SettingsView.swift; sourceTree = "<group>"; };
		95AEC3B18D714C1F8B4D2369 /* AuthFlowView.swift */ = {isa = PBXFileReference; lastKnownFileType = sourcecode.swift; path = AuthFlowView.swift; sourceTree = "<group>"; };
		9DF1198EE1F2EBDF304A9D92 /* ChatThread.swift */ = {isa = PBXFileReference; lastKnownFileType = sourcecode.swift; path = ChatThread.swift; sourceTree = "<group>"; };
		A3040247A866133EDB640D9F /* LegislationsViewModel.swift */ = {isa = PBXFileReference; lastKnownFileType = sourcecode.swift; path = LegislationsViewModel.swift; sourceTree = "<group>"; };
		A57F6016C1423FE2CB0632D3 /* BookmarksView.swift */ = {isa = PBXFileReference; lastKnownFileType = sourcecode.swift; path = BookmarksView.swift; sourceTree = "<group>"; };
		B1A61CD8A3D7EFFA18EF8EC1 /* CasesViewModel.swift */ = {isa = PBXFileReference; lastKnownFileType = sourcecode.swift; path = CasesViewModel.swift; sourceTree = "<group>"; };
		C0F93C93D6451217F374147C /* MainView.swift */ = {isa = PBXFileReference; lastKnownFileType = sourcecode.swift; path = MainView.swift; sourceTree = "<group>"; };
		C1715A2237A7022D2E2243A3 /* apptorney.app */ = {isa = PBXFileReference; includeInIndex = 0; lastKnownFileType = wrapper.application; path = apptorney.app; sourceTree = BUILT_PRODUCTS_DIR; };
		C49F675CA00C50970C8766E5 /* KeychainService.swift */ = {isa = PBXFileReference; lastKnownFileType = sourcecode.swift; path = KeychainService.swift; sourceTree = "<group>"; };
		C50DD759578529C21D5168D8 /* GlobalSearchView.swift */ = {isa = PBXFileReference; lastKnownFileType = sourcecode.swift; path = GlobalSearchView.swift; sourceTree = "<group>"; };
		C5265BC1CC8F1301623B790F /* LegislationFilterView.swift */ = {isa = PBXFileReference; lastKnownFileType = sourcecode.swift; path = LegislationFilterView.swift; sourceTree = "<group>"; };
		CC095C6947D4463730751A15 /* SnackbarModifier.swift */ = {isa = PBXFileReference; lastKnownFileType = sourcecode.swift; path = SnackbarModifier.swift; sourceTree = "<group>"; };
		CC5E45A3F55CB31DC07AA5AD /* LoginView.swift */ = {isa = PBXFileReference; lastKnownFileType = sourcecode.swift; path = LoginView.swift; sourceTree = "<group>"; };
		CD006D8E23BEFC7629F51A08 /* RegisterView.swift */ = {isa = PBXFileReference; lastKnownFileType = sourcecode.swift; path = RegisterView.swift; sourceTree = "<group>"; };
		D040E2CC29C23D8497881BB3 /* String+Validation.swift */ = {isa = PBXFileReference; lastKnownFileType = sourcecode.swift; path = "String+Validation.swift"; sourceTree = "<group>"; };
		D33C42A0CBCB535C44C9580B /* Citation.swift */ = {isa = PBXFileReference; lastKnownFileType = sourcecode.swift; path = Citation.swift; sourceTree = "<group>"; };
		D4FB4C4A0F38B61D80DB3211 /* SubscriptionService.swift */ = {isa = PBXFileReference; lastKnownFileType = sourcecode.swift; path = SubscriptionService.swift; sourceTree = "<group>"; };
		DC007789554C91BE951A46A8 /* LegislationDetailView.swift */ = {isa = PBXFileReference; lastKnownFileType = sourcecode.swift; path = LegislationDetailView.swift; sourceTree = "<group>"; };
		DCC1D8BDF3E79FC398E6C994 /* ChatSidebarView.swift */ = {isa = PBXFileReference; lastKnownFileType = sourcecode.swift; path = ChatSidebarView.swift; sourceTree = "<group>"; };
		DD9A1E48B173B1477D73F694 /* SupportingModels.swift */ = {isa = PBXFileReference; lastKnownFileType = sourcecode.swift; path = SupportingModels.swift; sourceTree = "<group>"; };
		DFAE31A15457481B22A1BA29 /* User.swift */ = {isa = PBXFileReference; lastKnownFileType = sourcecode.swift; path = User.swift; sourceTree = "<group>"; };
		E10AFBF288FDBEE89E83558A /* CaseDetailView.swift */ = {isa = PBXFileReference; lastKnownFileType = sourcecode.swift; path = CaseDetailView.swift; sourceTree = "<group>"; };
		E5281AA7EC33EB83F6F8FE6A /* CasesListView.swift */ = {isa = PBXFileReference; lastKnownFileType = sourcecode.swift; path = CasesListView.swift; sourceTree = "<group>"; };
		EAF17B2CB0F8D2A9E973010B /* LoginViewModel.swift */ = {isa = PBXFileReference; lastKnownFileType = sourcecode.swift; path = LoginViewModel.swift; sourceTree = "<group>"; };
		F48B9DF778C6461495E673EA /* VerifyView.swift */ = {isa = PBXFileReference; lastKnownFileType = sourcecode.swift; path = VerifyView.swift; sourceTree = "<group>"; };
		F715D1B071A05C8F7085BAE7 /* HomeView.swift */ = {isa = PBXFileReference; lastKnownFileType = sourcecode.swift; path = HomeView.swift; sourceTree = "<group>"; };
		F9A1D2E13BA40907C5159FF3 /* Legislation.swift */ = {isa = PBXFileReference; lastKnownFileType = sourcecode.swift; path = Legislation.swift; sourceTree = "<group>"; };
		FB7F1074E168038B80DD0C4F /* ShimmerModifier.swift */ = {isa = PBXFileReference; lastKnownFileType = sourcecode.swift; path = ShimmerModifier.swift; sourceTree = "<group>"; };
		FDAC26BB66D5532D17B77F6D /* ChatMessage.swift */ = {isa = PBXFileReference; lastKnownFileType = sourcecode.swift; path = ChatMessage.swift; sourceTree = "<group>"; };
/* End PBXFileReference section */

/* Begin PBXGroup section */
		06C2A13BDD9A9AB9A870F2CB /* Bookmarks */ = {
			isa = PBXGroup;
			children = (
				B0F2898086B0E7177275E88D /* Views */,
			);
			path = Bookmarks;
			sourceTree = "<group>";
		};
		0A6DB99E1DAF15A0855A0752 /* Update */ = {
			isa = PBXGroup;
			children = (
				59E9A714D882FA60C3086C95 /* Views */,
			);
			path = Update;
			sourceTree = "<group>";
		};
		0DAB0DE2434C366248D2E0C5 /* Storage */ = {
			isa = PBXGroup;
			children = (
				C49F675CA00C50970C8766E5 /* KeychainService.swift */,
			);
			path = Storage;
			sourceTree = "<group>";
		};
		114DDE9EB5561F0EA4E1200F /* apptorney */ = {
			isa = PBXGroup;
			children = (
				87000C9E28133946F9D2CEC3 /* Images.xcassets */,
				767BC10C67BEFAC884929C21 /* Info.plist */,
				9C7C98FE5CC134FD32A97BFD /* App */,
				8FB095BA46368EFD8074CD03 /* Core */,
				6C75F171E73CED2E00572E35 /* Features */,
				C70871E9B01F6D81774B4197 /* Models */,
				7676219252FB6E06AB6B0F9A /* Shared */,
			);
			path = apptorney;
			sourceTree = "<group>";
		};
		11EBFE80BDCAC859689AB6FB /* Onboarding */ = {
			isa = PBXGroup;
			children = (
				8171410ADE1ED3EA9F1BAC98 /* Views */,
			);
			path = Onboarding;
			sourceTree = "<group>";
		};
		3224673BD07D7C51AF1E1AF0 /* Legislations */ = {
			isa = PBXGroup;
			children = (
				49F43D561BF906B017166513 /* ViewModels */,
				613FE72A74CC35A4E966B80F /* Views */,
			);
			path = Legislations;
			sourceTree = "<group>";
		};
		37DC403C15DF590CCA8F8030 /* ViewModels */ = {
			isa = PBXGroup;
			children = (
				B1A61CD8A3D7EFFA18EF8EC1 /* CasesViewModel.swift */,
			);
			path = ViewModels;
			sourceTree = "<group>";
		};
		3E5F6AEDF8D69718FAE537CE /* Extensions */ = {
			isa = PBXGroup;
			children = (
				506B1061C0C143687D40D1CE /* Color+App.swift */,
				37B5229585366B63EECD2EAA /* Date+Formatting.swift */,
				D040E2CC29C23D8497881BB3 /* String+Validation.swift */,
			);
			path = Extensions;
			sourceTree = "<group>";
		};
		49F43D561BF906B017166513 /* ViewModels */ = {
			isa = PBXGroup;
			children = (
				A3040247A866133EDB640D9F /* LegislationsViewModel.swift */,
			);
			path = ViewModels;
			sourceTree = "<group>";
		};
		5893A6662EDC2F0DFBE15575 /* Subscription */ = {
			isa = PBXGroup;
			children = (
				C6043AEF5BFFF0CC0AE8C794 /* ViewModels */,
				91D33F602DFC5958AEA0503D /* Views */,
			);
			path = Subscription;
			sourceTree = "<group>";
		};
		59E9A714D882FA60C3086C95 /* Views */ = {
			isa = PBXGroup;
			children = (
				77FB499BF75A0F264C996D25 /* UpdateRequiredView.swift */,
			);
			path = Views;
			sourceTree = "<group>";
		};
		606C37E3946E05459AE4CBA6 /* Products */ = {
			isa = PBXGroup;
			children = (
				C1715A2237A7022D2E2243A3 /* apptorney.app */,
			);
			name = Products;
			sourceTree = "<group>";
		};
		613FE72A74CC35A4E966B80F /* Views */ = {
			isa = PBXGroup;
			children = (
				DC007789554C91BE951A46A8 /* LegislationDetailView.swift */,
				C5265BC1CC8F1301623B790F /* LegislationFilterView.swift */,
				2343D1640EACD949F8EE6F97 /* LegislationsListView.swift */,
			);
			path = Views;
			sourceTree = "<group>";
		};
		63257F214B85C037A90B5617 /* ViewModels */ = {
			isa = PBXGroup;
			children = (
				7DED3839984F7C3290C582F4 /* ChatViewModel.swift */,
			);
			path = ViewModels;
			sourceTree = "<group>";
		};
		6C75F171E73CED2E00572E35 /* Features */ = {
			isa = PBXGroup;
			children = (
				C5176F85F0FA781C626FACDC /* Auth */,
				06C2A13BDD9A9AB9A870F2CB /* Bookmarks */,
				734B0B6EE133F10E762B7754 /* Cases */,
				E5A1217A31BAFC1055D38574 /* Chat */,
				A190C2298AEE8C02F2AEFAA2 /* Home */,
				3224673BD07D7C51AF1E1AF0 /* Legislations */,
				11EBFE80BDCAC859689AB6FB /* Onboarding */,
				781539997A66B689F3F46947 /* Search */,
				728F0D6FAF7741A3B75ECB2C /* Settings */,
				5893A6662EDC2F0DFBE15575 /* Subscription */,
				0A6DB99E1DAF15A0855A0752 /* Update */,
			);
			path = Features;
			sourceTree = "<group>";
		};
		6D705CEE85F91D76E7DC2EB3 /* ViewModels */ = {
			isa = PBXGroup;
			children = (
				EAF17B2CB0F8D2A9E973010B /* LoginViewModel.swift */,
				2697359BEFA0137175B6FF11 /* RegisterViewModel.swift */,
				82F62F830337B0083C706F90 /* VerifyViewModel.swift */,
			);
			path = ViewModels;
			sourceTree = "<group>";
		};
		728F0D6FAF7741A3B75ECB2C /* Settings */ = {
			isa = PBXGroup;
			children = (
				731612ED456BA79861524548 /* Views */,
			);
			path = Settings;
			sourceTree = "<group>";
		};
		731612ED456BA79861524548 /* Views */ = {
			isa = PBXGroup;
			children = (
				949C5F7DA925874EA6696172 /* SettingsView.swift */,
			);
			path = Views;
			sourceTree = "<group>";
		};
		734B0B6EE133F10E762B7754 /* Cases */ = {
			isa = PBXGroup;
			children = (
				37DC403C15DF590CCA8F8030 /* ViewModels */,
				E85B8AD4D72CC504D9B6B9F9 /* Views */,
			);
			path = Cases;
			sourceTree = "<group>";
		};
		7676219252FB6E06AB6B0F9A /* Shared */ = {
			isa = PBXGroup;
			children = (
				E7301C374CEFFE4087E0C5D9 /* Components */,
				3E5F6AEDF8D69718FAE537CE /* Extensions */,
			);
			path = Shared;
			sourceTree = "<group>";
		};
		781539997A66B689F3F46947 /* Search */ = {
			isa = PBXGroup;
			children = (
				D46F894ED46EFA0CF5F0F998 /* ViewModels */,
				8963CCD3992DB72E21695B2F /* Views */,
			);
			path = Search;
			sourceTree = "<group>";
		};
		7ADDC03BBCA388ADE908306D /* Views */ = {
			isa = PBXGroup;
			children = (
				7C5F77E1BE145A34CEBD8F64 /* ChatMessageView.swift */,
				DCC1D8BDF3E79FC398E6C994 /* ChatSidebarView.swift */,
				522EF06CD79A3318683277ED /* ChatView.swift */,
			);
			path = Views;
			sourceTree = "<group>";
		};
		8171410ADE1ED3EA9F1BAC98 /* Views */ = {
			isa = PBXGroup;
			children = (
				3F1C598036ADA0D40C1362C7 /* OnboardingView.swift */,
			);
			path = Views;
			sourceTree = "<group>";
		};
		8963CCD3992DB72E21695B2F /* Views */ = {
			isa = PBXGroup;
			children = (
				C50DD759578529C21D5168D8 /* GlobalSearchView.swift */,
			);
			path = Views;
			sourceTree = "<group>";
		};
		8FB095BA46368EFD8074CD03 /* Core */ = {
			isa = PBXGroup;
			children = (
				F98EA8397EC6A59EA6F5BEFE /* Auth */,
				E78E2A6FF6A1CBFB3F978659 /* Networking */,
				0DAB0DE2434C366248D2E0C5 /* Storage */,
			);
			path = Core;
			sourceTree = "<group>";
		};
		916536D8B81DEAF5E13E414C /* Views */ = {
			isa = PBXGroup;
			children = (
				25C3A6600EA8F8F92871994A /* HomeCardView.swift */,
				F715D1B071A05C8F7085BAE7 /* HomeView.swift */,
				C0F93C93D6451217F374147C /* MainView.swift */,
				7D2BAA5EB1322019DFC059C4 /* SideMenuView.swift */,
			);
			path = Views;
			sourceTree = "<group>";
		};
		91D33F602DFC5958AEA0503D /* Views */ = {
			isa = PBXGroup;
			children = (
				20E311C193DFC4640A4B978A /* SubscriptionView.swift */,
			);
			path = Views;
			sourceTree = "<group>";
		};
		9C7C98FE5CC134FD32A97BFD /* App */ = {
			isa = PBXGroup;
			children = (
				840422CB68ED879D369C3BB6 /* AppState.swift */,
				7C28D26496DA5DC1FFEC9703 /* ApptorneyApp.swift */,
				260A06C2866FE5176CE88409 /* RootView.swift */,
			);
			path = App;
			sourceTree = "<group>";
		};
		A190C2298AEE8C02F2AEFAA2 /* Home */ = {
			isa = PBXGroup;
			children = (
				AAA594D4BC3549FA9C445DC3 /* ViewModels */,
				916536D8B81DEAF5E13E414C /* Views */,
			);
			path = Home;
			sourceTree = "<group>";
		};
		AAA594D4BC3549FA9C445DC3 /* ViewModels */ = {
			isa = PBXGroup;
			children = (
				532245E3963CD734A1187DC7 /* HomeViewModel.swift */,
			);
			path = ViewModels;
			sourceTree = "<group>";
		};
		B0F2898086B0E7177275E88D /* Views */ = {
			isa = PBXGroup;
			children = (
				A57F6016C1423FE2CB0632D3 /* BookmarksView.swift */,
			);
			path = Views;
			sourceTree = "<group>";
		};
		C5176F85F0FA781C626FACDC /* Auth */ = {
			isa = PBXGroup;
			children = (
				6D705CEE85F91D76E7DC2EB3 /* ViewModels */,
				EC159D60F345690503A53CA2 /* Views */,
			);
			path = Auth;
			sourceTree = "<group>";
		};
		C6043AEF5BFFF0CC0AE8C794 /* ViewModels */ = {
			isa = PBXGroup;
			children = (
				43D1C13DA821025CF0E2D30F /* SubscriptionViewModel.swift */,
			);
			path = ViewModels;
			sourceTree = "<group>";
		};
		C70871E9B01F6D81774B4197 /* Models */ = {
			isa = PBXGroup;
			children = (
				37963ED121CF0A6D1CBFEFE2 /* APIResponse.swift */,
				4E763B085B5149907FB9D2A0 /* Case.swift */,
				FDAC26BB66D5532D17B77F6D /* ChatMessage.swift */,
				9DF1198EE1F2EBDF304A9D92 /* ChatThread.swift */,
				D33C42A0CBCB535C44C9580B /* Citation.swift */,
				6EDE86BEB79EE9C660B2A92A /* HomeItem.swift */,
				F9A1D2E13BA40907C5159FF3 /* Legislation.swift */,
				708C9D386E29C519D7FC2F0C /* LegislationPart.swift */,
				DD9A1E48B173B1477D73F694 /* SupportingModels.swift */,
				DFAE31A15457481B22A1BA29 /* User.swift */,
			);
			path = Models;
			sourceTree = "<group>";
		};
		D46F894ED46EFA0CF5F0F998 /* ViewModels */ = {
			isa = PBXGroup;
			children = (
				568FBCFD510FCA3F847D8A58 /* SearchViewModel.swift */,
			);
			path = ViewModels;
			sourceTree = "<group>";
		};
		E5A1217A31BAFC1055D38574 /* Chat */ = {
			isa = PBXGroup;
			children = (
				63257F214B85C037A90B5617 /* ViewModels */,
				7ADDC03BBCA388ADE908306D /* Views */,
			);
			path = Chat;
			sourceTree = "<group>";
		};
		E7301C374CEFFE4087E0C5D9 /* Components */ = {
			isa = PBXGroup;
			children = (
				90A86F58FC8D958A0484EC8B /* EmptyStateView.swift */,
				8365AC95C946B99215A9C416 /* FloatingTextField.swift */,
				FB7F1074E168038B80DD0C4F /* ShimmerModifier.swift */,
				15ACDB062243CC14D6B2B3EF /* SideMenuContainer.swift */,
				CC095C6947D4463730751A15 /* SnackbarModifier.swift */,
			);
			path = Components;
			sourceTree = "<group>";
		};
		E78E2A6FF6A1CBFB3F978659 /* Networking */ = {
			isa = PBXGroup;
			children = (
				7045FBB66386958D5B1AA3CE /* APIClient.swift */,
				58FE189AAACAB846C496B777 /* AppError.swift */,
				7DFB2547787165FDED0CE2A1 /* Endpoint.swift */,
				D4FB4C4A0F38B61D80DB3211 /* SubscriptionService.swift */,
			);
			path = Networking;
			sourceTree = "<group>";
		};
		E85B8AD4D72CC504D9B6B9F9 /* Views */ = {
			isa = PBXGroup;
			children = (
				E10AFBF288FDBEE89E83558A /* CaseDetailView.swift */,
				24C42B10C10467589491167F /* CaseFilterView.swift */,
				E5281AA7EC33EB83F6F8FE6A /* CasesListView.swift */,
			);
			path = Views;
			sourceTree = "<group>";
		};
		EA1D36511F6F636310964041 = {
			isa = PBXGroup;
			children = (
				114DDE9EB5561F0EA4E1200F /* apptorney */,
				606C37E3946E05459AE4CBA6 /* Products */,
			);
			sourceTree = "<group>";
		};
		EC159D60F345690503A53CA2 /* Views */ = {
			isa = PBXGroup;
			children = (
				95AEC3B18D714C1F8B4D2369 /* AuthFlowView.swift */,
				CC5E45A3F55CB31DC07AA5AD /* LoginView.swift */,
				CD006D8E23BEFC7629F51A08 /* RegisterView.swift */,
				F48B9DF778C6461495E673EA /* VerifyView.swift */,
			);
			path = Views;
			sourceTree = "<group>";
		};
		F98EA8397EC6A59EA6F5BEFE /* Auth */ = {
			isa = PBXGroup;
			children = (
				2D0ACCD8AAF633B0F2584AD4 /* AuthManager.swift */,
			);
			path = Auth;
			sourceTree = "<group>";
		};
/* End PBXGroup section */

/* Begin PBXNativeTarget section */
		0E446F2F406736012C0C9123 /* apptorney */ = {
			isa = PBXNativeTarget;
			buildConfigurationList = 7F60BD5913172634A9F238FA /* Build configuration list for PBXNativeTarget "apptorney" */;
			buildPhases = (
				57E4B0EA8BB8D2AB55057435 /* Sources */,
				04B0723D3CE7BF8EAA2AC18B /* Resources */,
			);
			buildRules = (
			);
			dependencies = (
			);
			name = apptorney;
			packageProductDependencies = (
			);
			productName = apptorney;
			productReference = C1715A2237A7022D2E2243A3 /* apptorney.app */;
			productType = "com.apple.product-type.application";
		};
/* End PBXNativeTarget section */

/* Begin PBXProject section */
		E6436D53A0BF163BA968166F /* Project object */ = {
			isa = PBXProject;
			attributes = {
				BuildIndependentTargetsInParallel = YES;
				LastUpgradeCheck = 1430;
				TargetAttributes = {
				};
			};
			buildConfigurationList = 9BCDDAD206190DACB11F3FA9 /* Build configuration list for PBXProject "apptorney" */;
			developmentRegion = en;
			hasScannedForEncodings = 0;
			knownRegions = (
				Base,
				en,
			);
			mainGroup = EA1D36511F6F636310964041;
			minimizedProjectReferenceProxies = 1;
			preferredProjectObjectVersion = 77;
			productRefGroup = 606C37E3946E05459AE4CBA6 /* Products */;
			projectDirPath = "";
			projectRoot = "";
			targets = (
				0E446F2F406736012C0C9123 /* apptorney */,
			);
		};
/* End PBXProject section */

/* Begin PBXResourcesBuildPhase section */
		04B0723D3CE7BF8EAA2AC18B /* Resources */ = {
			isa = PBXResourcesBuildPhase;
			buildActionMask = 2147483647;
			files = (
				773382E305CE4879FCDB83D0 /* Images.xcassets in Resources */,
			);
			runOnlyForDeploymentPostprocessing = 0;
		};
/* End PBXResourcesBuildPhase section */

/* Begin PBXSourcesBuildPhase section */
		57E4B0EA8BB8D2AB55057435 /* Sources */ = {
			isa = PBXSourcesBuildPhase;
			buildActionMask = 2147483647;
			files = (
				9C7AE01F501CEFCABA61F323 /* APIClient.swift in Sources */,
				E47ED80127D0E58490BD2020 /* APIResponse.swift in Sources */,
				B08498D00D2FBC1EFA0CB3AA /* AppError.swift in Sources */,
				95458A74FBDB315D012BEF24 /* AppState.swift in Sources */,
				1A32DF85C8821EBA21862CDC /* ApptorneyApp.swift in Sources */,
				B03304328F0380DAD1E3E948 /* AuthFlowView.swift in Sources */,
				3CAB58D36A8F139B4ED5418E /* AuthManager.swift in Sources */,
				B6870C711103A59F9225BC9C /* BookmarksView.swift in Sources */,
				0EA9D9422703EBF93B68AEB1 /* Case.swift in Sources */,
				62191FCC3ECE3A854EBE877E /* CaseDetailView.swift in Sources */,
				A70556AB35DFE819378D2A46 /* CaseFilterView.swift in Sources */,
				4ED060F96DF4A9078D72D7C4 /* CasesListView.swift in Sources */,
				C2AC6CFD683AF3FAB9797EDD /* CasesViewModel.swift in Sources */,
				FADEAE5D6E38E76A9F2E7339 /* ChatMessage.swift in Sources */,
				038A6B0C097F107A5F1E74EA /* ChatMessageView.swift in Sources */,
				B0220327EAF14A4976A1D93D /* ChatSidebarView.swift in Sources */,
				0495CE4E3E0F246815F6BB8C /* ChatThread.swift in Sources */,
				7458959320A4CEB80D405FC4 /* ChatView.swift in Sources */,
				E9974AF138318ADD33D19489 /* ChatViewModel.swift in Sources */,
				32D71C25476FD542CACFDBEA /* Citation.swift in Sources */,
				F0A3C7C31843274B2126536E /* Color+App.swift in Sources */,
				FBC3575D917F7CF29324DB2D /* Date+Formatting.swift in Sources */,
				3231F7276B15C08B4E9B071B /* EmptyStateView.swift in Sources */,
				060B443AF755ED609A8C41DD /* Endpoint.swift in Sources */,
				CD393E738A335ED2D2451E66 /* FloatingTextField.swift in Sources */,
				F1360891835C9CE8548A7C27 /* GlobalSearchView.swift in Sources */,
				50CA7D1233E4E498CA940052 /* HomeCardView.swift in Sources */,
				968A7E02118AB24BCD7BDE68 /* HomeItem.swift in Sources */,
				36281C92EB4984B8D76A8C59 /* HomeView.swift in Sources */,
				2ED3AD9E0A81D1915688BFD7 /* HomeViewModel.swift in Sources */,
				040296F9D586540E3677E1F2 /* KeychainService.swift in Sources */,
				DDF21F4154A7F67F77448982 /* Legislation.swift in Sources */,
				7AD8A11AC6C92F557C7A9A1A /* LegislationDetailView.swift in Sources */,
				B7C26184A6EB6830719EAA86 /* LegislationFilterView.swift in Sources */,
				95F9EB668DA7D33185E32DDA /* LegislationPart.swift in Sources */,
				FB644E53946F968D8C9A5738 /* LegislationsListView.swift in Sources */,
				A281AA520A24E3CE8CD36E73 /* LegislationsViewModel.swift in Sources */,
				CC16829D8E96503A1C903496 /* LoginView.swift in Sources */,
				02FC8FD51BD65856145B48F7 /* LoginViewModel.swift in Sources */,
				4CED7A70FB2F801AC84DE0FC /* MainView.swift in Sources */,
				288312A29221310BD2A01BB9 /* OnboardingView.swift in Sources */,
				8C8A3C63A8034DAF1053F485 /* RegisterView.swift in Sources */,
				4CBE322C68D14446EA598C30 /* RegisterViewModel.swift in Sources */,
				E414608429C80E63166D0CB4 /* RootView.swift in Sources */,
				EB9CA2F30614680DEE422C46 /* SearchViewModel.swift in Sources */,
				7258B82F9AEB05B952FE1FFD /* SettingsView.swift in Sources */,
				395ABD8E2735CB756EE2C9CF /* ShimmerModifier.swift in Sources */,
				EB03E07BF23A89C1DA4BDFBE /* SideMenuContainer.swift in Sources */,
				918B786568B2CEFA1B1B12B3 /* SideMenuView.swift in Sources */,
				9B0EC6EAD442C2C662CA84A6 /* SnackbarModifier.swift in Sources */,
				FC28353ECF82F5B6D9D45250 /* String+Validation.swift in Sources */,
				BECD92AAFC8801FAE827E4E0 /* SubscriptionService.swift in Sources */,
				1969E04CC78B2717D296DD8C /* SubscriptionView.swift in Sources */,
				DAD6CD37C2CAE06513A6CB64 /* SubscriptionViewModel.swift in Sources */,
				1F85748C20E84CE3231E922F /* SupportingModels.swift in Sources */,
				B6CFFFC2D45135EE9B292DA3 /* UpdateRequiredView.swift in Sources */,
				76879E9601A863B2E2101256 /* User.swift in Sources */,
				1DDE1D626D9100FE011BD516 /* VerifyView.swift in Sources */,
				BE39DAD737FBF8B97618B9DB /* VerifyViewModel.swift in Sources */,
			);
			runOnlyForDeploymentPostprocessing = 0;
		};
/* End PBXSourcesBuildPhase section */

/* Begin XCBuildConfiguration section */
		8A16FF8BB37EC944E5EC8C31 /* Release */ = {
			isa = XCBuildConfiguration;
			buildSettings = {
				ASSETCATALOG_COMPILER_APPICON_NAME = AppIcon;
				CODE_SIGN_IDENTITY = "iPhone Developer";
				INFOPLIST_FILE = apptorney/Info.plist;
				INFOPLIST_KEY_CFBundleDisplayName = Apptorney;
				INFOPLIST_KEY_UILaunchScreen_Generation = YES;
				LD_RUNPATH_SEARCH_PATHS = (
					"$(inherited)",
					"@executable_path/Frameworks",
				);
				PRODUCT_BUNDLE_IDENTIFIER = com.apptorney.swiftui;
				SDKROOT = iphoneos;
				TARGETED_DEVICE_FAMILY = "1,2";
			};
			name = Release;
		};
		9A3C5AFA905A9B4654A8EF30 /* Release */ = {
			isa = XCBuildConfiguration;
			buildSettings = {
				ALWAYS_SEARCH_USER_PATHS = NO;
				CLANG_ANALYZER_NONNULL = YES;
				CLANG_ANALYZER_NUMBER_OBJECT_CONVERSION = YES_AGGRESSIVE;
				CLANG_CXX_LANGUAGE_STANDARD = "gnu++14";
				CLANG_CXX_LIBRARY = "libc++";
				CLANG_ENABLE_MODULES = YES;
				CLANG_ENABLE_OBJC_ARC = YES;
				CLANG_ENABLE_OBJC_WEAK = YES;
				CLANG_WARN_BLOCK_CAPTURE_AUTORELEASING = YES;
				CLANG_WARN_BOOL_CONVERSION = YES;
				CLANG_WARN_COMMA = YES;
				CLANG_WARN_CONSTANT_CONVERSION = YES;
				CLANG_WARN_DEPRECATED_OBJC_IMPLEMENTATIONS = YES;
				CLANG_WARN_DIRECT_OBJC_ISA_USAGE = YES_ERROR;
				CLANG_WARN_DOCUMENTATION_COMMENTS = YES;
				CLANG_WARN_EMPTY_BODY = YES;
				CLANG_WARN_ENUM_CONVERSION = YES;
				CLANG_WARN_INFINITE_RECURSION = YES;
				CLANG_WARN_INT_CONVERSION = YES;
				CLANG_WARN_NON_LITERAL_NULL_CONVERSION = YES;
				CLANG_WARN_OBJC_IMPLICIT_RETAIN_SELF = YES;
				CLANG_WARN_OBJC_LITERAL_CONVERSION = YES;
				CLANG_WARN_OBJC_ROOT_CLASS = YES_ERROR;
				CLANG_WARN_QUOTED_INCLUDE_IN_FRAMEWORK_HEADER = YES;
				CLANG_WARN_RANGE_LOOP_ANALYSIS = YES;
				CLANG_WARN_STRICT_PROTOTYPES = YES;
				CLANG_WARN_SUSPICIOUS_MOVE = YES;
				CLANG_WARN_UNGUARDED_AVAILABILITY = YES_AGGRESSIVE;
				CLANG_WARN_UNREACHABLE_CODE = YES;
				CLANG_WARN__DUPLICATE_METHOD_MATCH = YES;
				COPY_PHASE_STRIP = NO;
				CURRENT_PROJECT_VERSION = 1;
				DEBUG_INFORMATION_FORMAT = "dwarf-with-dsym";
				ENABLE_NS_ASSERTIONS = NO;
				ENABLE_STRICT_OBJC_MSGSEND = YES;
				GCC_C_LANGUAGE_STANDARD = gnu11;
				GCC_NO_COMMON_BLOCKS = YES;
				GCC_WARN_64_TO_32_BIT_CONVERSION = YES;
				GCC_WARN_ABOUT_RETURN_TYPE = YES_ERROR;
				GCC_WARN_UNDECLARED_SELECTOR = YES;
				GCC_WARN_UNINITIALIZED_AUTOS = YES_AGGRESSIVE;
				GCC_WARN_UNUSED_FUNCTION = YES;
				GCC_WARN_UNUSED_VARIABLE = YES;
				GENERATE_INFOPLIST_FILE = YES;
				IPHONEOS_DEPLOYMENT_TARGET = 16.0;
				MARKETING_VERSION = 1.0.0;
				MTL_ENABLE_DEBUG_INFO = NO;
				MTL_FAST_MATH = YES;
				PRODUCT_NAME = "$(TARGET_NAME)";
				SDKROOT = iphoneos;
				SWIFT_COMPILATION_MODE = wholemodule;
				SWIFT_OPTIMIZATION_LEVEL = "-O";
				SWIFT_VERSION = 5.9;
				TARGETED_DEVICE_FAMILY = "1,2";
			};
			name = Release;
		};
		DA540B6E78B5F2220242051E /* Debug */ = {
			isa = XCBuildConfiguration;
			buildSettings = {
				ALWAYS_SEARCH_USER_PATHS = NO;
				CLANG_ANALYZER_NONNULL = YES;
				CLANG_ANALYZER_NUMBER_OBJECT_CONVERSION = YES_AGGRESSIVE;
				CLANG_CXX_LANGUAGE_STANDARD = "gnu++14";
				CLANG_CXX_LIBRARY = "libc++";
				CLANG_ENABLE_MODULES = YES;
				CLANG_ENABLE_OBJC_ARC = YES;
				CLANG_ENABLE_OBJC_WEAK = YES;
				CLANG_WARN_BLOCK_CAPTURE_AUTORELEASING = YES;
				CLANG_WARN_BOOL_CONVERSION = YES;
				CLANG_WARN_COMMA = YES;
				CLANG_WARN_CONSTANT_CONVERSION = YES;
				CLANG_WARN_DEPRECATED_OBJC_IMPLEMENTATIONS = YES;
				CLANG_WARN_DIRECT_OBJC_ISA_USAGE = YES_ERROR;
				CLANG_WARN_DOCUMENTATION_COMMENTS = YES;
				CLANG_WARN_EMPTY_BODY = YES;
				CLANG_WARN_ENUM_CONVERSION = YES;
				CLANG_WARN_INFINITE_RECURSION = YES;
				CLANG_WARN_INT_CONVERSION = YES;
				CLANG_WARN_NON_LITERAL_NULL_CONVERSION = YES;
				CLANG_WARN_OBJC_IMPLICIT_RETAIN_SELF = YES;
				CLANG_WARN_OBJC_LITERAL_CONVERSION = YES;
				CLANG_WARN_OBJC_ROOT_CLASS = YES_ERROR;
				CLANG_WARN_QUOTED_INCLUDE_IN_FRAMEWORK_HEADER = YES;
				CLANG_WARN_RANGE_LOOP_ANALYSIS = YES;
				CLANG_WARN_STRICT_PROTOTYPES = YES;
				CLANG_WARN_SUSPICIOUS_MOVE = YES;
				CLANG_WARN_UNGUARDED_AVAILABILITY = YES_AGGRESSIVE;
				CLANG_WARN_UNREACHABLE_CODE = YES;
				CLANG_WARN__DUPLICATE_METHOD_MATCH = YES;
				COPY_PHASE_STRIP = NO;
				CURRENT_PROJECT_VERSION = 1;
				DEBUG_INFORMATION_FORMAT = dwarf;
				ENABLE_STRICT_OBJC_MSGSEND = YES;
				ENABLE_TESTABILITY = YES;
				GCC_C_LANGUAGE_STANDARD = gnu11;
				GCC_DYNAMIC_NO_PIC = NO;
				GCC_NO_COMMON_BLOCKS = YES;
				GCC_OPTIMIZATION_LEVEL = 0;
				GCC_PREPROCESSOR_DEFINITIONS = (
					"$(inherited)",
					"DEBUG=1",
				);
				GCC_WARN_64_TO_32_BIT_CONVERSION = YES;
				GCC_WARN_ABOUT_RETURN_TYPE = YES_ERROR;
				GCC_WARN_UNDECLARED_SELECTOR = YES;
				GCC_WARN_UNINITIALIZED_AUTOS = YES_AGGRESSIVE;
				GCC_WARN_UNUSED_FUNCTION = YES;
				GCC_WARN_UNUSED_VARIABLE = YES;
				GENERATE_INFOPLIST_FILE = YES;
				IPHONEOS_DEPLOYMENT_TARGET = 16.0;
				MARKETING_VERSION = 1.0.0;
				MTL_ENABLE_DEBUG_INFO = INCLUDE_SOURCE;
				MTL_FAST_MATH = YES;
				ONLY_ACTIVE_ARCH = YES;
				PRODUCT_NAME = "$(TARGET_NAME)";
				SDKROOT = iphoneos;
				SWIFT_ACTIVE_COMPILATION_CONDITIONS = DEBUG;
				SWIFT_OPTIMIZATION_LEVEL = "-Onone";
				SWIFT_VERSION = 5.9;
				TARGETED_DEVICE_FAMILY = "1,2";
			};
			name = Debug;
		};
		FE5D8A71B76A3E8EC47B01F9 /* Debug */ = {
			isa = XCBuildConfiguration;
			buildSettings = {
				ASSETCATALOG_COMPILER_APPICON_NAME = AppIcon;
				CODE_SIGN_IDENTITY = "iPhone Developer";
				INFOPLIST_FILE = apptorney/Info.plist;
				INFOPLIST_KEY_CFBundleDisplayName = Apptorney;
				INFOPLIST_KEY_UILaunchScreen_Generation = YES;
				LD_RUNPATH_SEARCH_PATHS = (
					"$(inherited)",
					"@executable_path/Frameworks",
				);
				PRODUCT_BUNDLE_IDENTIFIER = com.apptorney.swiftui;
				SDKROOT = iphoneos;
				TARGETED_DEVICE_FAMILY = "1,2";
			};
			name = Debug;
		};
/* End XCBuildConfiguration section */

/* Begin XCConfigurationList section */
		7F60BD5913172634A9F238FA /* Build configuration list for PBXNativeTarget "apptorney" */ = {
			isa = XCConfigurationList;
			buildConfigurations = (
				FE5D8A71B76A3E8EC47B01F9 /* Debug */,
				8A16FF8BB37EC944E5EC8C31 /* Release */,
			);
			defaultConfigurationIsVisible = 0;
			defaultConfigurationName = Debug;
		};
		9BCDDAD206190DACB11F3FA9 /* Build configuration list for PBXProject "apptorney" */ = {
			isa = XCConfigurationList;
			buildConfigurations = (
				DA540B6E78B5F2220242051E /* Debug */,
				9A3C5AFA905A9B4654A8EF30 /* Release */,
			);
			defaultConfigurationIsVisible = 0;
			defaultConfigurationName = Debug;
		};
/* End XCConfigurationList section */
	};
	rootObject = E6436D53A0BF163BA968166F /* Project object */;
}
